
Microsoft Visual Studio Solution File, Format Version 12.00
# Visual Studio 15
VisualStudioVersion = 15.0.28307.271
MinimumVisualStudioVersion = 10.0.40219.1
Project("{FAE04EC0-301F-11D3-BF4B-00C04F79EFBC}") = "HelloWorld", "HelloWorld\HelloWorld.csproj", "{BDAAC4CA-793F-41B4-A485-FBDE42327A8F}"
EndProject
Global
	GlobalSection(SolutionConfigurationPlatforms) = preSolution
		Debug|Any CPU = Debug|Any CPU
		Release|Any CPU = Release|Any CPU
	EndGlobalSection
	GlobalSection(ProjectConfigurationPlatforms) = postSolution
		{BDAAC4CA-793F-41B4-A485-FBDE42327A8F}.Debug|Any CPU.ActiveCfg = Debug|Any CPU
		{BDAAC4CA-793F-41B4-A485-FBDE42327A8F}.Debug|Any CPU.Build.0 = Debug|Any CPU
		{BDAAC4CA-793F-41B4-A485-FBDE42327A8F}.Release|Any CPU.ActiveCfg = Release|Any CPU
		{BDAAC4CA-793F-41B4-A485-FBDE42327A8F}.Release|Any CPU.Build.0 = Release|Any CPU
	EndGlobalSection
	GlobalSection(SolutionProperties) = preSolution
		HideSolutionNode = FALSE
	EndGlobalSection
	GlobalSection(ExtensibilityGlobals) = postSolution
		SolutionGuid = {4A7DE050-154E-4046-B83C-3E5DB8104016}
	EndGlobalSection
EndGlobal
